
Microsoft Visual Studio Solution File, Format Version 12.00
# Visual Studio Version 17
VisualStudioVersion = 17.14.37710.0 d17.14
MinimumVisualStudioVersion = 10.0.40219.1
Project("{FAE04EC0-301F-11D3-BF4B-00C04F79EFBC}") = "WebApplication11", "WebApplication11.csproj", "{0F107D9B-0BB6-4E62-9449-E399328E5B8D}"
EndProject
Global
	GlobalSection(SolutionConfigurationPlatforms) = preSolution
		Debug|Any CPU = Debug|Any CPU
		Release|Any CPU = Release|Any CPU
	EndGlobalSection
	GlobalSection(ProjectConfigurationPlatforms) = postSolution
		{0F107D9B-0BB6-4E62-9449-E399328E5B8D}.Debug|Any CPU.ActiveCfg = Debug|Any CPU
		{0F107D9B-0BB6-4E62-9449-E399328E5B8D}.Debug|Any CPU.Build.0 = Debug|Any CPU
		{0F107D9B-0BB6-4E62-9449-E399328E5B8D}.Release|Any CPU.ActiveCfg = Release|Any CPU
		{0F107D9B-0BB6-4E62-9449-E399328E5B8D}.Release|Any CPU.Build.0 = Release|Any CPU
	EndGlobalSection
	GlobalSection(SolutionProperties) = preSolution
		HideSolutionNode = FALSE
	EndGlobalSection
	GlobalSection(ExtensibilityGlobals) = postSolution
		SolutionGuid = {C7065346-8842-46BB-9082-A60AF6C342C3}
	EndGlobalSection
EndGlobal
